
Microsoft Visual Studio Solution File, Format Version 12.00
# Visual Studio Version 16
VisualStudioVersion = 16.0.28315.86
MinimumVisualStudioVersion = 15.0.26124.0
Project("{FAE04EC0-301F-11D3-BF4B-00C04F79EFBC}") = "explorer.web", "explorer.web\explorer.web.csproj", "{7E85D82A-E935-40EA-82BB-D63A4C49247C}"
EndProject
Project("{FAE04EC0-301F-11D3-BF4B-00C04F79EFBC}") = "explorer.desk", "explorer.desk\explorer.desk.csproj", "{E688424A-1592-46D8-96B4-2ABB39482141}"
EndProject
Global
	GlobalSection(SolutionConfigurationPlatforms) = preSolution
		Debug|Any CPU = Debug|Any CPU
		Debug|x64 = Debug|x64
		Debug|x86 = Debug|x86
		Release|Any CPU = Release|Any CPU
		Release|x64 = Release|x64
		Release|x86 = Release|x86
	EndGlobalSection
	GlobalSection(ProjectConfigurationPlatforms) = postSolution
		{7E85D82A-E935-40EA-82BB-D63A4C49247C}.Debug|Any CPU.ActiveCfg = Debug|Any CPU
		{7E85D82A-E935-40EA-82BB-D63A4C49247C}.Debug|Any CPU.Build.0 = Debug|Any CPU
		{7E85D82A-E935-40EA-82BB-D63A4C49247C}.Debug|x64.ActiveCfg = Debug|Any CPU
		{7E85D82A-E935-40EA-82BB-D63A4C49247C}.Debug|x64.Build.0 = Debug|Any CPU
		{7E85D82A-E935-40EA-82BB-D63A4C49247C}.Debug|x86.ActiveCfg = Debug|Any CPU
		{7E85D82A-E935-40EA-82BB-D63A4C49247C}.Debug|x86.Build.0 = Debug|Any CPU
		{7E85D82A-E935-40EA-82BB-D63A4C49247C}.Release|Any CPU.ActiveCfg = Release|Any CPU
		{7E85D82A-E935-40EA-82BB-D63A4C49247C}.Release|Any CPU.Build.0 = Release|Any CPU
		{7E85D82A-E935-40EA-82BB-D63A4C49247C}.Release|x64.ActiveCfg = Release|Any CPU
		{7E85D82A-E935-40EA-82BB-D63A4C49247C}.Release|x64.Build.0 = Release|Any CPU
		{7E85D82A-E935-40EA-82BB-D63A4C49247C}.Release|x86.ActiveCfg = Release|Any CPU
		{7E85D82A-E935-40EA-82BB-D63A4C49247C}.Release|x86.Build.0 = Release|Any CPU
		{E688424A-1592-46D8-96B4-2ABB39482141}.Debug|Any CPU.ActiveCfg = Debug|Any CPU
		{E688424A-1592-46D8-96B4-2ABB39482141}.Debug|Any CPU.Build.0 = Debug|Any CPU
		{E688424A-1592-46D8-96B4-2ABB39482141}.Debug|x64.ActiveCfg = Debug|Any CPU
		{E688424A-1592-46D8-96B4-2ABB39482141}.Debug|x64.Build.0 = Debug|Any CPU
		{E688424A-1592-46D8-96B4-2ABB39482141}.Debug|x86.ActiveCfg = Debug|Any CPU
		{E688424A-1592-46D8-96B4-2ABB39482141}.Debug|x86.Build.0 = Debug|Any CPU
		{E688424A-1592-46D8-96B4-2ABB39482141}.Release|Any CPU.ActiveCfg = Release|Any CPU
		{E688424A-1592-46D8-96B4-2ABB39482141}.Release|Any CPU.Build.0 = Release|Any CPU
		{E688424A-1592-46D8-96B4-2ABB39482141}.Release|x64.ActiveCfg = Release|Any CPU
		{E688424A-1592-46D8-96B4-2ABB39482141}.Release|x64.Build.0 = Release|Any CPU
		{E688424A-1592-46D8-96B4-2ABB39482141}.Release|x86.ActiveCfg = Release|Any CPU
		{E688424A-1592-46D8-96B4-2ABB39482141}.Release|x86.Build.0 = Release|Any CPU
	EndGlobalSection
	GlobalSection(SolutionProperties) = preSolution
		HideSolutionNode = FALSE
	EndGlobalSection
	GlobalSection(ExtensibilityGlobals) = postSolution
		SolutionGuid = {3CEAF0FC-8237-4CD6-890F-010BF4C3C9E1}
	EndGlobalSection
EndGlobal
